
Microsoft Visual Studio Solution File, Format Version 12.00
# Visual Studio Version 16
VisualStudioVersion = 16.0.29709.97
MinimumVisualStudioVersion = 10.0.40219.1
Project("{FAE04EC0-301F-11D3-BF4B-00C04F79EFBC}") = "EventApp_v2", "EventApp_v2\EventApp_v2.csproj", "{4AF4379A-E4DC-4FC3-B01C-D8EC072BC41E}"
EndProject
Global
	GlobalSection(SolutionConfigurationPlatforms) = preSolution
		Debug|Any CPU = Debug|Any CPU
		Release|Any CPU = Release|Any CPU
	EndGlobalSection
	GlobalSection(ProjectConfigurationPlatforms) = postSolution
		{4AF4379A-E4DC-4FC3-B01C-D8EC072BC41E}.Debug|Any CPU.ActiveCfg = Debug|Any CPU
		{4AF4379A-E4DC-4FC3-B01C-D8EC072BC41E}.Debug|Any CPU.Build.0 = Debug|Any CPU
		{4AF4379A-E4DC-4FC3-B01C-D8EC072BC41E}.Release|Any CPU.ActiveCfg = Release|Any CPU
		{4AF4379A-E4DC-4FC3-B01C-D8EC072BC41E}.Release|Any CPU.Build.0 = Release|Any CPU
	EndGlobalSection
	GlobalSection(SolutionProperties) = preSolution
		HideSolutionNode = FALSE
	EndGlobalSection
	GlobalSection(ExtensibilityGlobals) = postSolution
		SolutionGuid = {E5B89DCF-100D-4912-A729-C8D21E37A4CF}
	EndGlobalSection
EndGlobal
